
Microsoft Visual Studio Solution File, Format Version 12.00
# Visual Studio Version 16
VisualStudioVersion = 16.0.32413.511
MinimumVisualStudioVersion = 10.0.40219.1
Project("{FAE04EC0-301F-11D3-BF4B-00C04F79EFBC}") = "MBCTest", "MBCTest\MBCTest.csproj", "{559E1D82-8732-408B-A7F3-A0D18CE557A8}"
EndProject
Project("{FAE04EC0-301F-11D3-BF4B-00C04F79EFBC}") = "BusinessLayer", "BusinessLayer\BusinessLayer.csproj", "{BD82879B-72F9-4209-87B6-FB2673C7625D}"
EndProject
Global
	GlobalSection(SolutionConfigurationPlatforms) = preSolution
		Debug|Any CPU = Debug|Any CPU
		Release|Any CPU = Release|Any CPU
	EndGlobalSection
	GlobalSection(ProjectConfigurationPlatforms) = postSolution
		{559E1D82-8732-408B-A7F3-A0D18CE557A8}.Debug|Any CPU.ActiveCfg = Debug|Any CPU
		{559E1D82-8732-408B-A7F3-A0D18CE557A8}.Debug|Any CPU.Build.0 = Debug|Any CPU
		{559E1D82-8732-408B-A7F3-A0D18CE557A8}.Release|Any CPU.ActiveCfg = Release|Any CPU
		{559E1D82-8732-408B-A7F3-A0D18CE557A8}.Release|Any CPU.Build.0 = Release|Any CPU
		{BD82879B-72F9-4209-87B6-FB2673C7625D}.Debug|Any CPU.ActiveCfg = Debug|Any CPU
		{BD82879B-72F9-4209-87B6-FB2673C7625D}.Debug|Any CPU.Build.0 = Debug|Any CPU
		{BD82879B-72F9-4209-87B6-FB2673C7625D}.Release|Any CPU.ActiveCfg = Release|Any CPU
		{BD82879B-72F9-4209-87B6-FB2673C7625D}.Release|Any CPU.Build.0 = Release|Any CPU
	EndGlobalSection
	GlobalSection(SolutionProperties) = preSolution
		HideSolutionNode = FALSE
	EndGlobalSection
	GlobalSection(ExtensibilityGlobals) = postSolution
		SolutionGuid = {FAD6BC47-D0B2-4847-AD37-B87313F44B10}
	EndGlobalSection
EndGlobal
